
Microsoft Visual Studio Solution File, Format Version 12.00
# Visual Studio 15
VisualStudioVersion = 15.0.28307.705
MinimumVisualStudioVersion = 10.0.40219.1
Project("{FAE04EC0-301F-11D3-BF4B-00C04F79EFBC}") = "NumeroPositivoElse", "NumeroPositivoElse\NumeroPositivoElse.csproj", "{B7884124-210E-4D1D-AFF2-436C9FCD25FC}"
EndProject
Global
	GlobalSection(SolutionConfigurationPlatforms) = preSolution
		Debug|Any CPU = Debug|Any CPU
		Release|Any CPU = Release|Any CPU
	EndGlobalSection
	GlobalSection(ProjectConfigurationPlatforms) = postSolution
		{B7884124-210E-4D1D-AFF2-436C9FCD25FC}.Debug|Any CPU.ActiveCfg = Debug|Any CPU
		{B7884124-210E-4D1D-AFF2-436C9FCD25FC}.Debug|Any CPU.Build.0 = Debug|Any CPU
		{B7884124-210E-4D1D-AFF2-436C9FCD25FC}.Release|Any CPU.ActiveCfg = Release|Any CPU
		{B7884124-210E-4D1D-AFF2-436C9FCD25FC}.Release|Any CPU.Build.0 = Release|Any CPU
	EndGlobalSection
	GlobalSection(SolutionProperties) = preSolution
		HideSolutionNode = FALSE
	EndGlobalSection
	GlobalSection(ExtensibilityGlobals) = postSolution
		SolutionGuid = {A0E4D4EE-4E15-4087-8C2B-A05F2F5658B1}
	EndGlobalSection
EndGlobal
